
Microsoft Visual Studio Solution File, Format Version 12.00
# Visual Studio Version 16
VisualStudioVersion = 16.0.31005.135
MinimumVisualStudioVersion = 10.0.40219.1
Project("{8BC9CEB8-8B4A-11D0-8D11-00A0C91BC942}") = "AGS_cursovaya_v2", "AGS_cursovaya_v2.vcxproj", "{ECADD82D-25E3-4917-9C58-03ED79BEE0BE}"
EndProject
Global
	GlobalSection(SolutionConfigurationPlatforms) = preSolution
		Debug|x64 = Debug|x64
		Debug|x86 = Debug|x86
		Release|x64 = Release|x64
		Release|x86 = Release|x86
	EndGlobalSection
	GlobalSection(ProjectConfigurationPlatforms) = postSolution
		{ECADD82D-25E3-4917-9C58-03ED79BEE0BE}.Debug|x64.ActiveCfg = Debug|x64
		{ECADD82D-25E3-4917-9C58-03ED79BEE0BE}.Debug|x64.Build.0 = Debug|x64
		{ECADD82D-25E3-4917-9C58-03ED79BEE0BE}.Debug|x86.ActiveCfg = Debug|Win32
		{ECADD82D-25E3-4917-9C58-03ED79BEE0BE}.Debug|x86.Build.0 = Debug|Win32
		{ECADD82D-25E3-4917-9C58-03ED79BEE0BE}.Release|x64.ActiveCfg = Release|x64
		{ECADD82D-25E3-4917-9C58-03ED79BEE0BE}.Release|x64.Build.0 = Release|x64
		{ECADD82D-25E3-4917-9C58-03ED79BEE0BE}.Release|x86.ActiveCfg = Release|Win32
		{ECADD82D-25E3-4917-9C58-03ED79BEE0BE}.Release|x86.Build.0 = Release|Win32
	EndGlobalSection
	GlobalSection(SolutionProperties) = preSolution
		HideSolutionNode = FALSE
	EndGlobalSection
	GlobalSection(ExtensibilityGlobals) = postSolution
		SolutionGuid = {63836CE3-7DF4-452F-9FDD-BC6FE0DA88F0}
	EndGlobalSection
EndGlobal
